
Microsoft Visual Studio Solution File, Format Version 12.00
# Visual Studio 15
VisualStudioVersion = 15.0.28010.2036
MinimumVisualStudioVersion = 10.0.40219.1
Project("{FAE04EC0-301F-11D3-BF4B-00C04F79EFBC}") = "3DProjection", "3DProjection\3DProjection.csproj", "{CE5CF968-020C-426E-8818-32E1DE0283AD}"
EndProject
Global
	GlobalSection(SolutionConfigurationPlatforms) = preSolution
		Debug|Any CPU = Debug|Any CPU
		Release|Any CPU = Release|Any CPU
	EndGlobalSection
	GlobalSection(ProjectConfigurationPlatforms) = postSolution
		{CE5CF968-020C-426E-8818-32E1DE0283AD}.Debug|Any CPU.ActiveCfg = Debug|Any CPU
		{CE5CF968-020C-426E-8818-32E1DE0283AD}.Debug|Any CPU.Build.0 = Debug|Any CPU
		{CE5CF968-020C-426E-8818-32E1DE0283AD}.Release|Any CPU.ActiveCfg = Release|Any CPU
		{CE5CF968-020C-426E-8818-32E1DE0283AD}.Release|Any CPU.Build.0 = Release|Any CPU
	EndGlobalSection
	GlobalSection(SolutionProperties) = preSolution
		HideSolutionNode = FALSE
	EndGlobalSection
	GlobalSection(ExtensibilityGlobals) = postSolution
		SolutionGuid = {725ADC6B-527E-42D4-9ACE-1ECC5E6D5490}
	EndGlobalSection
EndGlobal
